
Microsoft Visual Studio Solution File, Format Version 12.00
# Visual Studio 14
VisualStudioVersion = 14.0.25420.1
MinimumVisualStudioVersion = 10.0.40219.1
Project("{8BC9CEB8-8B4A-11D0-8D11-00A0C91BC942}") = "testProj", "testProj\testProj.vcxproj", "{38D3A191-E0BC-4C1E-AE01-6C579B25DDC8}"
	ProjectSection(ProjectDependencies) = postProject
		{5043A446-EF26-4431-960E-DFC74013B31A} = {5043A446-EF26-4431-960E-DFC74013B31A}
	EndProjectSection
EndProject
Project("{8BC9CEB8-8B4A-11D0-8D11-00A0C91BC942}") = "axime2d", "..\..\framework\win32\axime2d.vcxproj", "{5043A446-EF26-4431-960E-DFC74013B31A}"
EndProject
Project("{8BC9CEB8-8B4A-11D0-8D11-00A0C91BC942}") = "demoA", "demoA\demoA.vcxproj", "{5D1BFB77-7F10-46AA-8CD3-97A0478291B9}"
EndProject
Global
	GlobalSection(SolutionConfigurationPlatforms) = preSolution
		Debug|x64 = Debug|x64
		Debug|x86 = Debug|x86
		Release|x64 = Release|x64
		Release|x86 = Release|x86
	EndGlobalSection
	GlobalSection(ProjectConfigurationPlatforms) = postSolution
		{38D3A191-E0BC-4C1E-AE01-6C579B25DDC8}.Debug|x64.ActiveCfg = Debug|x64
		{38D3A191-E0BC-4C1E-AE01-6C579B25DDC8}.Debug|x64.Build.0 = Debug|x64
		{38D3A191-E0BC-4C1E-AE01-6C579B25DDC8}.Debug|x86.ActiveCfg = Debug|Win32
		{38D3A191-E0BC-4C1E-AE01-6C579B25DDC8}.Debug|x86.Build.0 = Debug|Win32
		{38D3A191-E0BC-4C1E-AE01-6C579B25DDC8}.Release|x64.ActiveCfg = Release|x64
		{38D3A191-E0BC-4C1E-AE01-6C579B25DDC8}.Release|x64.Build.0 = Release|x64
		{38D3A191-E0BC-4C1E-AE01-6C579B25DDC8}.Release|x86.ActiveCfg = Release|Win32
		{38D3A191-E0BC-4C1E-AE01-6C579B25DDC8}.Release|x86.Build.0 = Release|Win32
		{5043A446-EF26-4431-960E-DFC74013B31A}.Debug|x64.ActiveCfg = Debug|Win32
		{5043A446-EF26-4431-960E-DFC74013B31A}.Debug|x86.ActiveCfg = Debug|Win32
		{5043A446-EF26-4431-960E-DFC74013B31A}.Debug|x86.Build.0 = Debug|Win32
		{5043A446-EF26-4431-960E-DFC74013B31A}.Release|x64.ActiveCfg = Release|Win32
		{5043A446-EF26-4431-960E-DFC74013B31A}.Release|x86.ActiveCfg = Release|Win32
		{5043A446-EF26-4431-960E-DFC74013B31A}.Release|x86.Build.0 = Release|Win32
		{5D1BFB77-7F10-46AA-8CD3-97A0478291B9}.Debug|x64.ActiveCfg = Debug|Win32
		{5D1BFB77-7F10-46AA-8CD3-97A0478291B9}.Debug|x86.ActiveCfg = Debug|Win32
		{5D1BFB77-7F10-46AA-8CD3-97A0478291B9}.Debug|x86.Build.0 = Debug|Win32
		{5D1BFB77-7F10-46AA-8CD3-97A0478291B9}.Release|x64.ActiveCfg = Release|Win32
		{5D1BFB77-7F10-46AA-8CD3-97A0478291B9}.Release|x86.ActiveCfg = Release|Win32
		{5D1BFB77-7F10-46AA-8CD3-97A0478291B9}.Release|x86.Build.0 = Release|Win32
	EndGlobalSection
	GlobalSection(SolutionProperties) = preSolution
		HideSolutionNode = FALSE
	EndGlobalSection
EndGlobal
