<?xml version="1.0" encoding="utf-8"?>
<Project ToolsVersion="4.0" xmlns="http://schemas.microsoft.com/developer/msbuild/2003">
  <ItemGroup>
    <Filter Include="events">
      <UniqueIdentifier>{c6b5b92a-b2d8-4ea4-86ef-3d19e3a2c257}</UniqueIdentifier>
    </Filter>
    <Filter Include="cross">
      <UniqueIdentifier>{033989b9-ab6e-4392-8834-d2528d3864b5}</UniqueIdentifier>
    </Filter>
    <Filter Include="display">
      <UniqueIdentifier>{d3b740a6-7438-40f4-a0cd-659ce0643b5f}</UniqueIdentifier>
    </Filter>
    <Filter Include="window">
      <UniqueIdentifier>{7e8c8bb5-6541-4905-8013-8366ed9f3f89}</UniqueIdentifier>
    </Filter>
    <Filter Include="ticking">
      <UniqueIdentifier>{192db3c3-e678-4a3a-a8f9-b161b9e46375}</UniqueIdentifier>
    </Filter>
    <Filter Include="resource">
      <UniqueIdentifier>{9e9a3d51-fd8f-4103-aa73-f412fca72c5d}</UniqueIdentifier>
    </Filter>
    <Filter Include="animate">
      <UniqueIdentifier>{c050e36c-82ef-4bea-93a7-ba33be4b7299}</UniqueIdentifier>
    </Filter>
    <Filter Include="logging">
      <UniqueIdentifier>{9b516a0c-bf46-4c26-a71c-9456a58a6e1c}</UniqueIdentifier>
    </Filter>
    <Filter Include="gesture">
      <UniqueIdentifier>{6cfeae7d-54e9-42fe-a699-a7795c505feb}</UniqueIdentifier>
    </Filter>
    <Filter Include="utils">
      <UniqueIdentifier>{0a7581c1-ccfc-4194-ad0f-770ebe255fd6}</UniqueIdentifier>
    </Filter>
    <Filter Include="value">
      <UniqueIdentifier>{eed6a847-edd3-44aa-abb6-222d82d5e469}</UniqueIdentifier>
    </Filter>
    <Filter Include="basic">
      <UniqueIdentifier>{4647835e-4c97-44e6-a4f4-57c89d435b06}</UniqueIdentifier>
    </Filter>
    <Filter Include="cross\gl">
      <UniqueIdentifier>{31960ccb-1a51-49fd-9eec-20a4dd5b5fd3}</UniqueIdentifier>
    </Filter>
    <Filter Include="cross\stage">
      <UniqueIdentifier>{ea18efc4-f121-48a3-9874-85b05b000ba7}</UniqueIdentifier>
    </Filter>
    <Filter Include="cross\define">
      <UniqueIdentifier>{b5b3a75f-b9be-44a6-b238-b18c4b73230c}</UniqueIdentifier>
    </Filter>
    <Filter Include="cross\extension">
      <UniqueIdentifier>{0d04d821-3400-44a7-a0c1-45bfa4cc4a46}</UniqueIdentifier>
    </Filter>
  </ItemGroup>
  <ItemGroup>
    <ClInclude Include="..\code\events\event.h">
      <Filter>events</Filter>
    </ClInclude>
    <ClInclude Include="..\code\events\touchEvent.h">
      <Filter>events</Filter>
    </ClInclude>
    <ClInclude Include="..\code\display\node.h">
      <Filter>display</Filter>
    </ClInclude>
    <ClInclude Include="..\code\window\touch.h">
      <Filter>window</Filter>
    </ClInclude>
    <ClInclude Include="..\code\window\keyboard.h">
      <Filter>window</Filter>
    </ClInclude>
    <ClInclude Include="..\code\window\window.h">
      <Filter>window</Filter>
    </ClInclude>
    <ClInclude Include="..\code\display\image.h">
      <Filter>display</Filter>
    </ClInclude>
    <ClInclude Include="..\code\resource\resource.h">
      <Filter>resource</Filter>
    </ClInclude>
    <ClInclude Include="..\code\ticking\tick.h">
      <Filter>ticking</Filter>
    </ClInclude>
    <ClInclude Include="..\code\animate\tween.h">
      <Filter>animate</Filter>
    </ClInclude>
    <ClInclude Include="..\code\display\fusion.h">
      <Filter>display</Filter>
    </ClInclude>
    <ClInclude Include="..\code\logging\log.h">
      <Filter>logging</Filter>
    </ClInclude>
    <ClInclude Include="..\code\gesture\gesture.h">
      <Filter>gesture</Filter>
    </ClInclude>
    <ClInclude Include="..\code\utils\profiler.h">
      <Filter>utils</Filter>
    </ClInclude>
    <ClInclude Include="..\code\value\value.h">
      <Filter>value</Filter>
    </ClInclude>
    <ClInclude Include="..\code\basic\math.h">
      <Filter>basic</Filter>
    </ClInclude>
    <ClInclude Include="..\code\cross\gl\win32-gl.h">
      <Filter>cross\gl</Filter>
    </ClInclude>
    <ClInclude Include="..\code\cross\define\win32-define.h">
      <Filter>cross\define</Filter>
    </ClInclude>
    <ClInclude Include="..\code\cross\stage\win32-stage.h">
      <Filter>cross\stage</Filter>
    </ClInclude>
    <ClInclude Include="..\code\cross\c-gl.h">
      <Filter>cross</Filter>
    </ClInclude>
    <ClInclude Include="..\code\cross\c-define.h">
      <Filter>cross</Filter>
    </ClInclude>
    <ClInclude Include="..\code\cross\c-stage.h">
      <Filter>cross</Filter>
    </ClInclude>
    <ClInclude Include="..\code\axime.h" />
    <ClInclude Include="..\code\basic\point.h">
      <Filter>basic</Filter>
    </ClInclude>
    <ClInclude Include="..\code\basic\rect.h">
      <Filter>basic</Filter>
    </ClInclude>
    <ClInclude Include="..\code\basic\mat44.h">
      <Filter>basic</Filter>
    </ClInclude>
    <ClInclude Include="..\code\cross\launch.h">
      <Filter>cross</Filter>
    </ClInclude>
    <ClInclude Include="..\code\basic\size.h">
      <Filter>basic</Filter>
    </ClInclude>
  </ItemGroup>
  <ItemGroup>
    <ClCompile Include="..\code\events\event.cpp">
      <Filter>events</Filter>
    </ClCompile>
    <ClCompile Include="..\code\events\touchEvent.cpp">
      <Filter>events</Filter>
    </ClCompile>
    <ClCompile Include="..\code\display\node.cpp">
      <Filter>display</Filter>
    </ClCompile>
    <ClCompile Include="..\code\window\touch.cpp">
      <Filter>window</Filter>
    </ClCompile>
    <ClCompile Include="..\code\window\keyboard.cpp">
      <Filter>window</Filter>
    </ClCompile>
    <ClCompile Include="..\code\window\window.cpp">
      <Filter>window</Filter>
    </ClCompile>
    <ClCompile Include="..\code\display\image.cpp">
      <Filter>display</Filter>
    </ClCompile>
    <ClCompile Include="..\code\resource\resource.cpp">
      <Filter>resource</Filter>
    </ClCompile>
    <ClCompile Include="..\code\ticking\tick.cpp">
      <Filter>ticking</Filter>
    </ClCompile>
    <ClCompile Include="..\code\animate\tween.cpp">
      <Filter>animate</Filter>
    </ClCompile>
    <ClCompile Include="..\code\display\fusion.cpp">
      <Filter>display</Filter>
    </ClCompile>
    <ClCompile Include="..\code\logging\log.cpp">
      <Filter>logging</Filter>
    </ClCompile>
    <ClCompile Include="..\code\gesture\gesture.cpp">
      <Filter>gesture</Filter>
    </ClCompile>
    <ClCompile Include="..\code\utils\profiler.cpp">
      <Filter>utils</Filter>
    </ClCompile>
    <ClCompile Include="..\code\value\value.cpp">
      <Filter>value</Filter>
    </ClCompile>
    <ClCompile Include="..\code\basic\math.cpp">
      <Filter>basic</Filter>
    </ClCompile>
    <ClCompile Include="..\code\cross\gl\win32-gl.cpp">
      <Filter>cross\gl</Filter>
    </ClCompile>
    <ClCompile Include="..\code\cross\stage\win32-stage.cpp">
      <Filter>cross\stage</Filter>
    </ClCompile>
    <ClCompile Include="..\code\axime.cpp" />
    <ClCompile Include="..\code\basic\point.cpp">
      <Filter>basic</Filter>
    </ClCompile>
    <ClCompile Include="..\code\basic\rect.cpp">
      <Filter>basic</Filter>
    </ClCompile>
    <ClCompile Include="..\code\basic\mat44.cpp">
      <Filter>basic</Filter>
    </ClCompile>
    <ClCompile Include="..\code\cross\launch.cpp">
      <Filter>cross</Filter>
    </ClCompile>
    <ClCompile Include="..\code\basic\size.cpp">
      <Filter>basic</Filter>
    </ClCompile>
  </ItemGroup>
</Project>