<?xml version="1.0" encoding="utf-8"?>
<Project ToolsVersion="4.0" xmlns="http://schemas.microsoft.com/developer/msbuild/2003">
  <ItemGroup>
    <Filter Include="src">
      <UniqueIdentifier>{53653bef-a40a-43a6-a15f-056a75868d77}</UniqueIdentifier>
    </Filter>
  </ItemGroup>
  <ItemGroup>
    <ClCompile Include="main.cpp">
      <Filter>src</Filter>
    </ClCompile>
  </ItemGroup>
  <ItemGroup>
    <ClInclude Include="testFunction.h">
      <Filter>src</Filter>
    </ClInclude>
    <ClInclude Include="testTime.h">
      <Filter>src</Filter>
    </ClInclude>
    <ClInclude Include="testEvent.h">
      <Filter>src</Filter>
    </ClInclude>
  </ItemGroup>
</Project>